
Microsoft Visual Studio Solution File, Format Version 12.00
# Visual Studio Version 17
VisualStudioVersion = 17.7.34031.279
MinimumVisualStudioVersion = 10.0.40219.1
Project("{9A19103F-16F7-4668-BE54-9A1E7A4F7556}") = "Mediator-Pattern-Kata", "Mediator-Pattern-Kata\Mediator-Pattern-Kata.csproj", "{3247113E-E747-4833-932D-5E290B2EEA2E}"
EndProject
Project("{9A19103F-16F7-4668-BE54-9A1E7A4F7556}") = "Mediator-Pattern-Kata-Tests", "Mediator-Pattern-Kata-Tests\Mediator-Pattern-Kata-Tests.csproj", "{E476FEDD-7E1C-4E54-858A-DB165B73E11A}"
EndProject
Project("{2150E333-8FDC-42A3-9474-1A3956D46DE8}") = "Solution Items", "Solution Items", "{526D4598-F827-4A00-AB72-B2293A5F4FEE}"
	ProjectSection(SolutionItems) = preProject
		.gitignore = .gitignore
		README.md = README.md
	EndProjectSection
EndProject
Global
	GlobalSection(SolutionConfigurationPlatforms) = preSolution
		Debug|Any CPU = Debug|Any CPU
		Release|Any CPU = Release|Any CPU
	EndGlobalSection
	GlobalSection(ProjectConfigurationPlatforms) = postSolution
		{3247113E-E747-4833-932D-5E290B2EEA2E}.Debug|Any CPU.ActiveCfg = Debug|Any CPU
		{3247113E-E747-4833-932D-5E290B2EEA2E}.Debug|Any CPU.Build.0 = Debug|Any CPU
		{3247113E-E747-4833-932D-5E290B2EEA2E}.Release|Any CPU.ActiveCfg = Release|Any CPU
		{3247113E-E747-4833-932D-5E290B2EEA2E}.Release|Any CPU.Build.0 = Release|Any CPU
		{E476FEDD-7E1C-4E54-858A-DB165B73E11A}.Debug|Any CPU.ActiveCfg = Debug|Any CPU
		{E476FEDD-7E1C-4E54-858A-DB165B73E11A}.Debug|Any CPU.Build.0 = Debug|Any CPU
		{E476FEDD-7E1C-4E54-858A-DB165B73E11A}.Release|Any CPU.ActiveCfg = Release|Any CPU
		{E476FEDD-7E1C-4E54-858A-DB165B73E11A}.Release|Any CPU.Build.0 = Release|Any CPU
	EndGlobalSection
	GlobalSection(SolutionProperties) = preSolution
		HideSolutionNode = FALSE
	EndGlobalSection
	GlobalSection(ExtensibilityGlobals) = postSolution
		SolutionGuid = {29E46E5F-184C-45C9-AAAD-B5B1D4CB4741}
	EndGlobalSection
EndGlobal
