
Microsoft Visual Studio Solution File, Format Version 12.00
# Visual Studio Version 17
VisualStudioVersion = 17.7.34031.279
MinimumVisualStudioVersion = 10.0.40219.1
Project("{FAE04EC0-301F-11D3-BF4B-00C04F79EFBC}") = "Decorator-Pattern-Kata", "Decorator-Pattern-Kata\Decorator-Pattern-Kata.csproj", "{CDA24E79-8B01-4D74-808F-AF748FDD640A}"
EndProject
Project("{FAE04EC0-301F-11D3-BF4B-00C04F79EFBC}") = "Decorator-Pattern-Kata-Tests", "Decorator-Pattern-Kata-Tests\Decorator-Pattern-Kata-Tests.csproj", "{ECF08D12-D830-4D45-8492-F809CE5E0027}"
EndProject
Project("{2150E333-8FDC-42A3-9474-1A3956D46DE8}") = "Solution Items", "Solution Items", "{7ED34BDC-0462-473E-9840-19E6DD5959DA}"
	ProjectSection(SolutionItems) = preProject
		.gitignore = .gitignore
		README.md = README.md
	EndProjectSection
EndProject
Global
	GlobalSection(SolutionConfigurationPlatforms) = preSolution
		Debug|Any CPU = Debug|Any CPU
		Release|Any CPU = Release|Any CPU
	EndGlobalSection
	GlobalSection(ProjectConfigurationPlatforms) = postSolution
		{CDA24E79-8B01-4D74-808F-AF748FDD640A}.Debug|Any CPU.ActiveCfg = Debug|Any CPU
		{CDA24E79-8B01-4D74-808F-AF748FDD640A}.Debug|Any CPU.Build.0 = Debug|Any CPU
		{CDA24E79-8B01-4D74-808F-AF748FDD640A}.Release|Any CPU.ActiveCfg = Release|Any CPU
		{CDA24E79-8B01-4D74-808F-AF748FDD640A}.Release|Any CPU.Build.0 = Release|Any CPU
		{ECF08D12-D830-4D45-8492-F809CE5E0027}.Debug|Any CPU.ActiveCfg = Debug|Any CPU
		{ECF08D12-D830-4D45-8492-F809CE5E0027}.Debug|Any CPU.Build.0 = Debug|Any CPU
		{ECF08D12-D830-4D45-8492-F809CE5E0027}.Release|Any CPU.ActiveCfg = Release|Any CPU
		{ECF08D12-D830-4D45-8492-F809CE5E0027}.Release|Any CPU.Build.0 = Release|Any CPU
	EndGlobalSection
	GlobalSection(SolutionProperties) = preSolution
		HideSolutionNode = FALSE
	EndGlobalSection
	GlobalSection(ExtensibilityGlobals) = postSolution
		SolutionGuid = {1A05F35B-6C36-4A65-A65C-3EB2CBAFF05D}
	EndGlobalSection
EndGlobal
