
Microsoft Visual Studio Solution File, Format Version 12.00
# Visual Studio Version 17
VisualStudioVersion = 17.7.34031.279
MinimumVisualStudioVersion = 10.0.40219.1
Project("{9A19103F-16F7-4668-BE54-9A1E7A4F7556}") = "PatternCraft - Adapter-Kata", "PatternCraft - Adapter-Kata\PatternCraft - Adapter-Kata.csproj", "{E23B7B0C-C6FB-4D90-BD83-BD4ACBF93D1F}"
EndProject
Project("{9A19103F-16F7-4668-BE54-9A1E7A4F7556}") = "PatternCraft-Adapter-Kata-Tests", "PatternCraft-Adapter-Kata-Tests\PatternCraft-Adapter-Kata-Tests.csproj", "{AC5C9E65-9957-4FAB-8D6F-FB6F9D56EBD4}"
EndProject
Project("{2150E333-8FDC-42A3-9474-1A3956D46DE8}") = "Solution Items", "Solution Items", "{3967BC0C-37AD-48C0-9F4A-7A977D6E9951}"
	ProjectSection(SolutionItems) = preProject
		.gitignore = .gitignore
		README.md = README.md
	EndProjectSection
EndProject
Global
	GlobalSection(SolutionConfigurationPlatforms) = preSolution
		Debug|Any CPU = Debug|Any CPU
		Release|Any CPU = Release|Any CPU
	EndGlobalSection
	GlobalSection(ProjectConfigurationPlatforms) = postSolution
		{E23B7B0C-C6FB-4D90-BD83-BD4ACBF93D1F}.Debug|Any CPU.ActiveCfg = Debug|Any CPU
		{E23B7B0C-C6FB-4D90-BD83-BD4ACBF93D1F}.Debug|Any CPU.Build.0 = Debug|Any CPU
		{E23B7B0C-C6FB-4D90-BD83-BD4ACBF93D1F}.Release|Any CPU.ActiveCfg = Release|Any CPU
		{E23B7B0C-C6FB-4D90-BD83-BD4ACBF93D1F}.Release|Any CPU.Build.0 = Release|Any CPU
		{AC5C9E65-9957-4FAB-8D6F-FB6F9D56EBD4}.Debug|Any CPU.ActiveCfg = Debug|Any CPU
		{AC5C9E65-9957-4FAB-8D6F-FB6F9D56EBD4}.Debug|Any CPU.Build.0 = Debug|Any CPU
		{AC5C9E65-9957-4FAB-8D6F-FB6F9D56EBD4}.Release|Any CPU.ActiveCfg = Release|Any CPU
		{AC5C9E65-9957-4FAB-8D6F-FB6F9D56EBD4}.Release|Any CPU.Build.0 = Release|Any CPU
	EndGlobalSection
	GlobalSection(SolutionProperties) = preSolution
		HideSolutionNode = FALSE
	EndGlobalSection
	GlobalSection(ExtensibilityGlobals) = postSolution
		SolutionGuid = {F8052087-3E74-449F-967D-819D7CEC5FF2}
	EndGlobalSection
EndGlobal
